{
    "name": "@saas/tsconfig",
    "version": "1.0.0",
    "lockfileVersion": 3,
    "requires": true,
    "packages": {
        "": {
            "name": "@saas/tsconfig",
            "version": "1.0.0",
            "dependencies": {
                "@saas/tsconfig": "file:"
            }
        },
        "node_modules/@saas/tsconfig": {
            "resolved": "",
            "link": true
        }
    }
}
